
Microsoft Visual Studio Solution File, Format Version 12.00
# Visual Studio 15
VisualStudioVersion = 15.0.27130.2020
MinimumVisualStudioVersion = 10.0.40219.1
Project("{FAE04EC0-301F-11D3-BF4B-00C04F79EFBC}") = "LTTQProject", "LTTQProject\LTTQProject.csproj", "{BA15045F-24D6-447F-8345-5F91E7F5AF47}"
EndProject
Global
	GlobalSection(SolutionConfigurationPlatforms) = preSolution
		Debug|Any CPU = Debug|Any CPU
		Release|Any CPU = Release|Any CPU
	EndGlobalSection
	GlobalSection(ProjectConfigurationPlatforms) = postSolution
		{BA15045F-24D6-447F-8345-5F91E7F5AF47}.Debug|Any CPU.ActiveCfg = Debug|Any CPU
		{BA15045F-24D6-447F-8345-5F91E7F5AF47}.Debug|Any CPU.Build.0 = Debug|Any CPU
		{BA15045F-24D6-447F-8345-5F91E7F5AF47}.Release|Any CPU.ActiveCfg = Release|Any CPU
		{BA15045F-24D6-447F-8345-5F91E7F5AF47}.Release|Any CPU.Build.0 = Release|Any CPU
	EndGlobalSection
	GlobalSection(SolutionProperties) = preSolution
		HideSolutionNode = FALSE
	EndGlobalSection
	GlobalSection(ExtensibilityGlobals) = postSolution
		SolutionGuid = {323F6D50-1BE4-42E9-A0BB-66099FC3D011}
	EndGlobalSection
EndGlobal
